
Microsoft Visual Studio Solution File, Format Version 12.00
# Visual Studio Version 17
VisualStudioVersion = 17.13.36105.23 d17.13
MinimumVisualStudioVersion = 10.0.40219.1
Project("{FAE04EC0-301F-11D3-BF4B-00C04F79EFBC}") = "EjemploApp", "EjemploApp\EjemploApp.csproj", "{2EB8CE74-EF7D-487A-874B-CD6715FEB0EF}"
EndProject
Global
	GlobalSection(SolutionConfigurationPlatforms) = preSolution
		Debug|Any CPU = Debug|Any CPU
		Release|Any CPU = Release|Any CPU
	EndGlobalSection
	GlobalSection(ProjectConfigurationPlatforms) = postSolution
		{2EB8CE74-EF7D-487A-874B-CD6715FEB0EF}.Debug|Any CPU.ActiveCfg = Debug|Any CPU
		{2EB8CE74-EF7D-487A-874B-CD6715FEB0EF}.Debug|Any CPU.Build.0 = Debug|Any CPU
		{2EB8CE74-EF7D-487A-874B-CD6715FEB0EF}.Release|Any CPU.ActiveCfg = Release|Any CPU
		{2EB8CE74-EF7D-487A-874B-CD6715FEB0EF}.Release|Any CPU.Build.0 = Release|Any CPU
	EndGlobalSection
	GlobalSection(SolutionProperties) = preSolution
		HideSolutionNode = FALSE
	EndGlobalSection
	GlobalSection(ExtensibilityGlobals) = postSolution
		SolutionGuid = {A564B6C0-3913-4808-9032-57A45DA148AA}
	EndGlobalSection
EndGlobal
